
Microsoft Visual Studio Solution File, Format Version 12.00
# Visual Studio Version 17
VisualStudioVersion = 17.5.33530.505
MinimumVisualStudioVersion = 10.0.40219.1
Project("{FAE04EC0-301F-11D3-BF4B-00C04F79EFBC}") = "AJC.Functions", "AJC.Functions\AJC.Functions.csproj", "{96E2352F-0D2D-4B98-83CA-E8B8F93218FA}"
EndProject
Project("{151D2E53-A2C4-4D7D-83FE-D05416EBD58E}") = "AzureResourceGroup1", "AzureResourceGroup1\AzureResourceGroup1.deployproj", "{F37CA38D-E15D-43B6-864D-CCF568E0353E}"
EndProject
Project("{2150E333-8FDC-42A3-9474-1A3956D46DE8}") = "AzureResourceGroup", "AzureResourceGroup", "{02EA681E-C7D8-13C7-8484-4AC65E1B71E8}"
EndProject
Global
	GlobalSection(SolutionConfigurationPlatforms) = preSolution
		Debug|Any CPU = Debug|Any CPU
		Release|Any CPU = Release|Any CPU
	EndGlobalSection
	GlobalSection(ProjectConfigurationPlatforms) = postSolution
		{96E2352F-0D2D-4B98-83CA-E8B8F93218FA}.Debug|Any CPU.ActiveCfg = Debug|Any CPU
		{96E2352F-0D2D-4B98-83CA-E8B8F93218FA}.Debug|Any CPU.Build.0 = Debug|Any CPU
		{96E2352F-0D2D-4B98-83CA-E8B8F93218FA}.Release|Any CPU.ActiveCfg = Release|Any CPU
		{96E2352F-0D2D-4B98-83CA-E8B8F93218FA}.Release|Any CPU.Build.0 = Release|Any CPU
		{F37CA38D-E15D-43B6-864D-CCF568E0353E}.Debug|Any CPU.ActiveCfg = Debug|Any CPU
		{F37CA38D-E15D-43B6-864D-CCF568E0353E}.Debug|Any CPU.Build.0 = Debug|Any CPU
		{F37CA38D-E15D-43B6-864D-CCF568E0353E}.Release|Any CPU.ActiveCfg = Release|Any CPU
		{F37CA38D-E15D-43B6-864D-CCF568E0353E}.Release|Any CPU.Build.0 = Release|Any CPU
	EndGlobalSection
	GlobalSection(SolutionProperties) = preSolution
		HideSolutionNode = FALSE
	EndGlobalSection
	GlobalSection(NestedProjects) = preSolution
		{F37CA38D-E15D-43B6-864D-CCF568E0353E} = {02EA681E-C7D8-13C7-8484-4AC65E1B71E8}
	EndGlobalSection
	GlobalSection(ExtensibilityGlobals) = postSolution
		SolutionGuid = {9690D343-E98F-4F1B-9C56-B965C2CB88C0}
	EndGlobalSection
EndGlobal
